
Microsoft Visual Studio Solution File, Format Version 12.00
# Visual Studio Version 16
VisualStudioVersion = 16.0.30128.74
MinimumVisualStudioVersion = 10.0.40219.1
Project("{2150E333-8FDC-42A3-9474-1A3956D46DE8}") = "1 - Application", "1 - Application", "{8CBBA7B8-897B-4584-BF70-E11C879D8AAC}"
EndProject
Project("{2150E333-8FDC-42A3-9474-1A3956D46DE8}") = "3 - Domain", "3 - Domain", "{DD0C2158-7E5C-4246-8851-0AFCECB4FDF8}"
EndProject
Project("{2150E333-8FDC-42A3-9474-1A3956D46DE8}") = "2 - Service", "2 - Service", "{5979E1E6-1644-4DD1-BD05-1F79772B4B36}"
EndProject
Project("{2150E333-8FDC-42A3-9474-1A3956D46DE8}") = "4 - Infra", "4 - Infra", "{AE3182CB-8565-4A63-8836-AE50A552FC78}"
EndProject
Project("{2150E333-8FDC-42A3-9474-1A3956D46DE8}") = "4.1 - Data", "4.1 - Data", "{F95BC9F6-E6C7-46A2-A0A3-EDE34FCC6C44}"
EndProject
Project("{2150E333-8FDC-42A3-9474-1A3956D46DE8}") = "4.2 - Crosscutting", "4.2 - Crosscutting", "{71D2FA4D-567E-45B4-A28D-82BC65011254}"
EndProject
Project("{9A19103F-16F7-4668-BE54-9A1E7A4F7556}") = "TCC_COMP.API", "src\TCC_COMP.API\TCC_COMP.API.csproj", "{05B181A8-2E30-4D82-B7C9-32C0EF750961}"
EndProject
Project("{9A19103F-16F7-4668-BE54-9A1E7A4F7556}") = "TCC_COMP.DOMAIN", "src\TCC_COMP.DOMAIN\TCC_COMP.DOMAIN.csproj", "{1F6A7DFD-2EB3-44C9-AC07-ED65C9D391AB}"
EndProject
Project("{9A19103F-16F7-4668-BE54-9A1E7A4F7556}") = "TCC_COMP.SERVICE", "src\TCC_COMP.SERVICE\TCC_COMP.SERVICE.csproj", "{60556ABD-830F-4E63-9CE1-669836AF1FDF}"
EndProject
Project("{9A19103F-16F7-4668-BE54-9A1E7A4F7556}") = "TCC_COMP.INFRA.DATA", "src\TCC_COMP.INFRA.DATA\TCC_COMP.INFRA.DATA.csproj", "{B48C0DD9-0CAA-43DE-BE93-F54F906531DB}"
EndProject
Project("{9A19103F-16F7-4668-BE54-9A1E7A4F7556}") = "TCC_COMP.INFRA.CROSSCUTTING", "src\TCC_COMP.INFRA.CROSSCUTTING\TCC_COMP.INFRA.CROSSCUTTING.csproj", "{CF1936F7-BCB4-4036-86B5-A60CD374C99B}"
EndProject
Global
	GlobalSection(SolutionConfigurationPlatforms) = preSolution
		Debug|Any CPU = Debug|Any CPU
		Release|Any CPU = Release|Any CPU
	EndGlobalSection
	GlobalSection(ProjectConfigurationPlatforms) = postSolution
		{05B181A8-2E30-4D82-B7C9-32C0EF750961}.Debug|Any CPU.ActiveCfg = Debug|Any CPU
		{05B181A8-2E30-4D82-B7C9-32C0EF750961}.Debug|Any CPU.Build.0 = Debug|Any CPU
		{05B181A8-2E30-4D82-B7C9-32C0EF750961}.Release|Any CPU.ActiveCfg = Release|Any CPU
		{05B181A8-2E30-4D82-B7C9-32C0EF750961}.Release|Any CPU.Build.0 = Release|Any CPU
		{1F6A7DFD-2EB3-44C9-AC07-ED65C9D391AB}.Debug|Any CPU.ActiveCfg = Debug|Any CPU
		{1F6A7DFD-2EB3-44C9-AC07-ED65C9D391AB}.Debug|Any CPU.Build.0 = Debug|Any CPU
		{1F6A7DFD-2EB3-44C9-AC07-ED65C9D391AB}.Release|Any CPU.ActiveCfg = Release|Any CPU
		{1F6A7DFD-2EB3-44C9-AC07-ED65C9D391AB}.Release|Any CPU.Build.0 = Release|Any CPU
		{60556ABD-830F-4E63-9CE1-669836AF1FDF}.Debug|Any CPU.ActiveCfg = Debug|Any CPU
		{60556ABD-830F-4E63-9CE1-669836AF1FDF}.Debug|Any CPU.Build.0 = Debug|Any CPU
		{60556ABD-830F-4E63-9CE1-669836AF1FDF}.Release|Any CPU.ActiveCfg = Release|Any CPU
		{60556ABD-830F-4E63-9CE1-669836AF1FDF}.Release|Any CPU.Build.0 = Release|Any CPU
		{B48C0DD9-0CAA-43DE-BE93-F54F906531DB}.Debug|Any CPU.ActiveCfg = Debug|Any CPU
		{B48C0DD9-0CAA-43DE-BE93-F54F906531DB}.Debug|Any CPU.Build.0 = Debug|Any CPU
		{B48C0DD9-0CAA-43DE-BE93-F54F906531DB}.Release|Any CPU.ActiveCfg = Release|Any CPU
		{B48C0DD9-0CAA-43DE-BE93-F54F906531DB}.Release|Any CPU.Build.0 = Release|Any CPU
		{CF1936F7-BCB4-4036-86B5-A60CD374C99B}.Debug|Any CPU.ActiveCfg = Debug|Any CPU
		{CF1936F7-BCB4-4036-86B5-A60CD374C99B}.Debug|Any CPU.Build.0 = Debug|Any CPU
		{CF1936F7-BCB4-4036-86B5-A60CD374C99B}.Release|Any CPU.ActiveCfg = Release|Any CPU
		{CF1936F7-BCB4-4036-86B5-A60CD374C99B}.Release|Any CPU.Build.0 = Release|Any CPU
	EndGlobalSection
	GlobalSection(SolutionProperties) = preSolution
		HideSolutionNode = FALSE
	EndGlobalSection
	GlobalSection(NestedProjects) = preSolution
		{F95BC9F6-E6C7-46A2-A0A3-EDE34FCC6C44} = {AE3182CB-8565-4A63-8836-AE50A552FC78}
		{71D2FA4D-567E-45B4-A28D-82BC65011254} = {AE3182CB-8565-4A63-8836-AE50A552FC78}
		{05B181A8-2E30-4D82-B7C9-32C0EF750961} = {8CBBA7B8-897B-4584-BF70-E11C879D8AAC}
		{1F6A7DFD-2EB3-44C9-AC07-ED65C9D391AB} = {DD0C2158-7E5C-4246-8851-0AFCECB4FDF8}
		{60556ABD-830F-4E63-9CE1-669836AF1FDF} = {5979E1E6-1644-4DD1-BD05-1F79772B4B36}
		{B48C0DD9-0CAA-43DE-BE93-F54F906531DB} = {F95BC9F6-E6C7-46A2-A0A3-EDE34FCC6C44}
		{CF1936F7-BCB4-4036-86B5-A60CD374C99B} = {71D2FA4D-567E-45B4-A28D-82BC65011254}
	EndGlobalSection
	GlobalSection(ExtensibilityGlobals) = postSolution
		SolutionGuid = {13A97AAB-643A-4A44-B41E-C9E3A64D799C}
	EndGlobalSection
EndGlobal
